<?xml version="1.0" encoding="utf-8"?>
<Project ToolsVersion="4.0" xmlns="http://schemas.microsoft.com/developer/msbuild/2003">
  <ItemGroup>
    <Filter Include="Source Files">
      <UniqueIdentifier>{4FC737F1-C7A5-4376-A066-2A32D752A2FF}</UniqueIdentifier>
      <Extensions>cpp;c;cc;cxx;def;odl;idl;hpj;bat;asm;asmx</Extensions>
    </Filter>
    <Filter Include="Header Files">
      <UniqueIdentifier>{93995380-89BD-4b04-88EB-625FBE52EBFB}</UniqueIdentifier>
      <Extensions>h;hpp;hxx;hm;inl;inc;xsd</Extensions>
    </Filter>
    <Filter Include="Resource Files">
      <UniqueIdentifier>{67DA6AB6-F800-4c08-8B7A-83BB121AAD01}</UniqueIdentifier>
      <Extensions>rc;ico;cur;bmp;dlg;rc2;rct;bin;rgs;gif;jpg;jpeg;jpe;resx;tiff;tif;png;wav</Extensions>
    </Filter>
    <Filter Include="OpenCL">
      <UniqueIdentifier>{ca0d6e3e-3bf4-4134-9857-ada812c3b172}</UniqueIdentifier>
    </Filter>
  </ItemGroup>
  <ItemGroup>
    <ClCompile Include="Filter.cpp">
      <Filter>Source Files</Filter>
    </ClCompile>
    <ClCompile Include="ContextFilter.cpp">
      <Filter>Source Files</Filter>
    </ClCompile>
    <ClCompile Include="LinearFilter.cpp">
      <Filter>Source Files</Filter>
    </ClCompile>
    <ClCompile Include="LowpassFilter.cpp">
      <Filter>Source Files</Filter>
    </ClCompile>
    <ClCompile Include="MeanFilter.cpp">
      <Filter>Source Files</Filter>
    </ClCompile>
    <ClCompile Include="MeanVariableCentralPointFilter.cpp">
      <Filter>Source Files</Filter>
    </ClCompile>
    <ClCompile Include="HighpassFilter.cpp">
      <Filter>Source Files</Filter>
    </ClCompile>
    <ClCompile Include="SobelFilter.cpp">
      <Filter>Source Files</Filter>
    </ClCompile>
    <ClCompile Include="PrewittFilter.cpp">
      <Filter>Source Files</Filter>
    </ClCompile>
    <ClCompile Include="RobertsFilter.cpp">
      <Filter>Source Files</Filter>
    </ClCompile>
    <ClCompile Include="LaplaceFilter.cpp">
      <Filter>Source Files</Filter>
    </ClCompile>
    <ClCompile Include="CornerDetectionFilter.cpp">
      <Filter>Source Files</Filter>
    </ClCompile>
    <ClCompile Include="NonLinearFilter.cpp">
      <Filter>Source Files</Filter>
    </ClCompile>
    <ClCompile Include="MedianFilter.cpp">
      <Filter>Source Files</Filter>
    </ClCompile>
    <ClCompile Include="MaxFilter.cpp">
      <Filter>Source Files</Filter>
    </ClCompile>
    <ClCompile Include="MinFilter.cpp">
      <Filter>Source Files</Filter>
    </ClCompile>
    <ClCompile Include="MorphologyFilter.cpp">
      <Filter>Source Files</Filter>
    </ClCompile>
    <ClCompile Include="ErodeFilter.cpp">
      <Filter>Source Files</Filter>
    </ClCompile>
    <ClCompile Include="DilateFilter.cpp">
      <Filter>Source Files</Filter>
    </ClCompile>
    <ClCompile Include="OpenFilter.cpp">
      <Filter>Source Files</Filter>
    </ClCompile>
    <ClCompile Include="CloseFilter.cpp">
      <Filter>Source Files</Filter>
    </ClCompile>
    <ClCompile Include="ContextFreeFilter.cpp">
      <Filter>Source Files</Filter>
    </ClCompile>
    <ClCompile Include="LUTFilter.cpp">
      <Filter>Source Files</Filter>
    </ClCompile>
    <ClCompile Include="BinarizationFilter.cpp">
      <Filter>Source Files</Filter>
    </ClCompile>
    <ClCompile Include="GPUTransferManager.cpp">
      <Filter>Source Files</Filter>
    </ClCompile>
    <ClCompile Include="GPUProcessor.cpp">
      <Filter>Source Files</Filter>
    </ClCompile>
    <ClCompile Include="main.cpp">
      <Filter>Source Files</Filter>
    </ClCompile>
    <ClCompile Include="Transformation.cpp">
      <Filter>Source Files</Filter>
    </ClCompile>
    <ClCompile Include="RGB2HSV.cpp">
      <Filter>Source Files</Filter>
    </ClCompile>
  </ItemGroup>
  <ItemGroup>
    <ClInclude Include="Filter.h">
      <Filter>Header Files</Filter>
    </ClInclude>
    <ClInclude Include="ContextFilter.h">
      <Filter>Header Files</Filter>
    </ClInclude>
    <ClInclude Include="LinearFilter.h">
      <Filter>Header Files</Filter>
    </ClInclude>
    <ClInclude Include="LowpassFilter.h">
      <Filter>Header Files</Filter>
    </ClInclude>
    <ClInclude Include="MeanFilter.h">
      <Filter>Header Files</Filter>
    </ClInclude>
    <ClInclude Include="MeanVariableCentralPointFilter.h">
      <Filter>Header Files</Filter>
    </ClInclude>
    <ClInclude Include="HighpassFilter.h">
      <Filter>Header Files</Filter>
    </ClInclude>
    <ClInclude Include="SobelFilter.h">
      <Filter>Header Files</Filter>
    </ClInclude>
    <ClInclude Include="PrewittFilter.h">
      <Filter>Header Files</Filter>
    </ClInclude>
    <ClInclude Include="RobertsFilter.h">
      <Filter>Header Files</Filter>
    </ClInclude>
    <ClInclude Include="LaplaceFilter.h">
      <Filter>Header Files</Filter>
    </ClInclude>
    <ClInclude Include="CornerDetectionFilter.h">
      <Filter>Header Files</Filter>
    </ClInclude>
    <ClInclude Include="NonLinearFilter.h">
      <Filter>Header Files</Filter>
    </ClInclude>
    <ClInclude Include="MedianFilter.h">
      <Filter>Header Files</Filter>
    </ClInclude>
    <ClInclude Include="MaxFilter.h">
      <Filter>Header Files</Filter>
    </ClInclude>
    <ClInclude Include="MinFilter.h">
      <Filter>Header Files</Filter>
    </ClInclude>
    <ClInclude Include="MorphologyFilter.h">
      <Filter>Header Files</Filter>
    </ClInclude>
    <ClInclude Include="ErodeFilter.h">
      <Filter>Header Files</Filter>
    </ClInclude>
    <ClInclude Include="DilateFilter.h">
      <Filter>Header Files</Filter>
    </ClInclude>
    <ClInclude Include="OpenFilter.h">
      <Filter>Header Files</Filter>
    </ClInclude>
    <ClInclude Include="CloseFilter.h">
      <Filter>Header Files</Filter>
    </ClInclude>
    <ClInclude Include="ContextFreeFilter.h">
      <Filter>Header Files</Filter>
    </ClInclude>
    <ClInclude Include="LUTFilter.h">
      <Filter>Header Files</Filter>
    </ClInclude>
    <ClInclude Include="BinarizationFilter.h">
      <Filter>Header Files</Filter>
    </ClInclude>
    <ClInclude Include="GPUTransferManager.h">
      <Filter>Header Files</Filter>
    </ClInclude>
    <ClInclude Include="GPUProcessor.h">
      <Filter>Header Files</Filter>
    </ClInclude>
    <ClInclude Include="Transformation.h">
      <Filter>Header Files</Filter>
    </ClInclude>
    <ClInclude Include="RGB2HSV.h">
      <Filter>Header Files</Filter>
    </ClInclude>
  </ItemGroup>
  <ItemGroup>
    <None Include="OpenCL\DilateFilter.cl">
      <Filter>OpenCL</Filter>
    </None>
    <None Include="OpenCL\ErodeFilter.cl">
      <Filter>OpenCL</Filter>
    </None>
    <None Include="OpenCL\GPUCode.cl">
      <Filter>OpenCL</Filter>
    </None>
    <None Include="OpenCL\LowpassFilter.cl">
      <Filter>OpenCL</Filter>
    </None>
    <None Include="OpenCL\LUTFilter.cl">
      <Filter>OpenCL</Filter>
    </None>
    <None Include="OpenCL\MedianFilter.cl">
      <Filter>OpenCL</Filter>
    </None>
    <None Include="OpenCL\MaxFilter.cl">
      <Filter>OpenCL</Filter>
    </None>
    <None Include="OpenCL\MinFilter.cl">
      <Filter>OpenCL</Filter>
    </None>
    <None Include="OpenCL\HighpassFilter.cl">
      <Filter>OpenCL</Filter>
    </None>
  </ItemGroup>
</Project>